// !$*UTF8*$!
{
	archiveVersion = 1;
	classes = {
	};
	objectVersion = 56;
	objects = {

/* Begin PBXBuildFile section */
		310CD92B2C24F57B000D092C /* MenuDetail.swift in Sources */ = {isa = PBXBuildFile; fileRef = 310CD92A2C24F57B000D092C /* MenuDetail.swift */; };
		313818E82C7782CD0069928C /* ShimmerModifier.swift in Sources */ = {isa = PBXBuildFile; fileRef = 313818E72C7782CD0069928C /* ShimmerModifier.swift */; };
		313818EC2C7954CF0069928C /* MenuCategory.swift in Sources */ = {isa = PBXBuildFile; fileRef = 313818EB2C7954CF0069928C /* MenuCategory.swift */; };
		315C33802BBEDDDA00EB84CE /* RestaurantApp.swift in Sources */ = {isa = PBXBuildFile; fileRef = 315C337F2BBEDDDA00EB84CE /* RestaurantApp.swift */; };
		315C33842BBEDDDC00EB84CE /* Assets.xcassets in Resources */ = {isa = PBXBuildFile; fileRef = 315C33832BBEDDDC00EB84CE /* Assets.xcassets */; };
		315C33872BBEDDDC00EB84CE /* Preview Assets.xcassets in Resources */ = {isa = PBXBuildFile; fileRef = 315C33862BBEDDDC00EB84CE /* Preview Assets.xcassets */; };
		316487EB2C15003300CAA8A8 /* LLTextFieldStyle.swift in Sources */ = {isa = PBXBuildFile; fileRef = 316487EA2C15003300CAA8A8 /* LLTextFieldStyle.swift */; };
		316487ED2C15014B00CAA8A8 /* LLTextFieldState.swift in Sources */ = {isa = PBXBuildFile; fileRef = 316487EC2C15014B00CAA8A8 /* LLTextFieldState.swift */; };
		316487F12C15050500CAA8A8 /* Shape+Extension.swift in Sources */ = {isa = PBXBuildFile; fileRef = 316487F02C15050500CAA8A8 /* Shape+Extension.swift */; };
		3167D91C2C2441F500555410 /* SnackbarController.swift in Sources */ = {isa = PBXBuildFile; fileRef = 3167D91B2C2441F500555410 /* SnackbarController.swift */; };
		3167D91E2C245A8200555410 /* FullscreenSnackbarStyle.swift in Sources */ = {isa = PBXBuildFile; fileRef = 3167D91D2C245A8200555410 /* FullscreenSnackbarStyle.swift */; };
		3169E4D92C1DB3090064FA7E /* FileUtil.swift in Sources */ = {isa = PBXBuildFile; fileRef = 3169E4D82C1DB3090064FA7E /* FileUtil.swift */; };
		3169E4E72C1E572E0064FA7E /* Image+Extension.swift in Sources */ = {isa = PBXBuildFile; fileRef = 3169E4E62C1E572E0064FA7E /* Image+Extension.swift */; };
		3169E4E92C1ED0F20064FA7E /* MenuSearch.swift in Sources */ = {isa = PBXBuildFile; fileRef = 3169E4E82C1ED0F20064FA7E /* MenuSearch.swift */; };
		316BCEE02C21C30E00F19E69 /* MenuCard.swift in Sources */ = {isa = PBXBuildFile; fileRef = 316BCEDF2C21C30E00F19E69 /* MenuCard.swift */; };
		318040212C162C0900B507D7 /* Validator+Combine.swift in Sources */ = {isa = PBXBuildFile; fileRef = 318040202C162C0900B507D7 /* Validator+Combine.swift */; };
		318040232C162DF200B507D7 /* Login.swift in Sources */ = {isa = PBXBuildFile; fileRef = 318040222C162DF200B507D7 /* Login.swift */; };
		318BB2C72C988E020084139C /* OnboardingWelcome.swift in Sources */ = {isa = PBXBuildFile; fileRef = 318BB2C62C988E020084139C /* OnboardingWelcome.swift */; };
		318BB2C92C988E190084139C /* OnboardingTabView.swift in Sources */ = {isa = PBXBuildFile; fileRef = 318BB2C82C988E190084139C /* OnboardingTabView.swift */; };
		318BB2CB2C988EC60084139C /* OnboardingInfo.swift in Sources */ = {isa = PBXBuildFile; fileRef = 318BB2CA2C988EC60084139C /* OnboardingInfo.swift */; };
		318C56CC2C9AF27C00ED407D /* GradientTheme.swift in Sources */ = {isa = PBXBuildFile; fileRef = 318C56CB2C9AF27C00ED407D /* GradientTheme.swift */; };
		318C56CE2C9AF2B200ED407D /* PrimitiveGradient.swift in Sources */ = {isa = PBXBuildFile; fileRef = 318C56CD2C9AF2B200ED407D /* PrimitiveGradient.swift */; };
		318C56D02C9AF2EE00ED407D /* Gradients.swift in Sources */ = {isa = PBXBuildFile; fileRef = 318C56CF2C9AF2EE00ED407D /* Gradients.swift */; };
		318C56D42C9AF3CD00ED407D /* Gradient+Extension.swift in Sources */ = {isa = PBXBuildFile; fileRef = 318C56D32C9AF3CD00ED407D /* Gradient+Extension.swift */; };
		318C56D62C9AF4F100ED407D /* Primitive.swift in Sources */ = {isa = PBXBuildFile; fileRef = 318C56D52C9AF4F100ED407D /* Primitive.swift */; };
		318C56D82C9AF53300ED407D /* Themable.swift in Sources */ = {isa = PBXBuildFile; fileRef = 318C56D72C9AF53300ED407D /* Themable.swift */; };
		318C56DA2C9AF8EA00ED407D /* AnyGradientTheme.swift in Sources */ = {isa = PBXBuildFile; fileRef = 318C56D92C9AF8EA00ED407D /* AnyGradientTheme.swift */; };
		318C56DC2C9AFD3800ED407D /* ShapeStyle+Extension.swift in Sources */ = {isa = PBXBuildFile; fileRef = 318C56DB2C9AFD3800ED407D /* ShapeStyle+Extension.swift */; };
		3199F1732C159F2200EF666C /* Validator.swift in Sources */ = {isa = PBXBuildFile; fileRef = 3199F1722C159F2200EF666C /* Validator.swift */; };
		3199F1772C15AFA300EF666C /* Validators.swift in Sources */ = {isa = PBXBuildFile; fileRef = 3199F1762C15AFA300EF666C /* Validators.swift */; };
		3199F1832C15DD7100EF666C /* LoginViewModel.swift in Sources */ = {isa = PBXBuildFile; fileRef = 3199F1822C15DD7100EF666C /* LoginViewModel.swift */; };
		3199F18A2C15EAA000EF666C /* BaseViewModel.swift in Sources */ = {isa = PBXBuildFile; fileRef = 3199F1892C15EAA000EF666C /* BaseViewModel.swift */; };
		319CF16E2C20C12700E5AD59 /* MenuList.swift in Sources */ = {isa = PBXBuildFile; fileRef = 319CF16D2C20C12700E5AD59 /* MenuList.swift */; };
		319CF1702C20C24E00E5AD59 /* MenuItem.swift in Sources */ = {isa = PBXBuildFile; fileRef = 319CF16F2C20C24E00E5AD59 /* MenuItem.swift */; };
		319CF1752C20C2C900E5AD59 /* CombineNetworking.swift in Sources */ = {isa = PBXBuildFile; fileRef = 319CF1742C20C2C900E5AD59 /* CombineNetworking.swift */; };
		319CF1772C20C31A00E5AD59 /* Service.swift in Sources */ = {isa = PBXBuildFile; fileRef = 319CF1762C20C31A00E5AD59 /* Service.swift */; };
		319CF1792C20C39E00E5AD59 /* URLSessionCombineNetworker.swift in Sources */ = {isa = PBXBuildFile; fileRef = 319CF1782C20C39E00E5AD59 /* URLSessionCombineNetworker.swift */; };
		319CF17B2C20C3FC00E5AD59 /* NetworkingError.swift in Sources */ = {isa = PBXBuildFile; fileRef = 319CF17A2C20C3FC00E5AD59 /* NetworkingError.swift */; };
		319CF17D2C20C63400E5AD59 /* RequestMethod.swift in Sources */ = {isa = PBXBuildFile; fileRef = 319CF17C2C20C63400E5AD59 /* RequestMethod.swift */; };
		319CF1812C20CCB400E5AD59 /* MenuService.swift in Sources */ = {isa = PBXBuildFile; fileRef = 319CF1802C20CCB400E5AD59 /* MenuService.swift */; };
		319CF1862C20CEFA00E5AD59 /* PersistenceController.swift in Sources */ = {isa = PBXBuildFile; fileRef = 319CF1852C20CEFA00E5AD59 /* PersistenceController.swift */; };
		319CF1882C20CF5800E5AD59 /* FetchedObjects.swift in Sources */ = {isa = PBXBuildFile; fileRef = 319CF1872C20CF5800E5AD59 /* FetchedObjects.swift */; };
		319CF18C2C20D19B00E5AD59 /* ExampleDatabase.xcdatamodeld in Sources */ = {isa = PBXBuildFile; fileRef = 319CF18A2C20D19B00E5AD59 /* ExampleDatabase.xcdatamodeld */; };
		319CF18E2C20D61200E5AD59 /* Combine+Extension.swift in Sources */ = {isa = PBXBuildFile; fileRef = 319CF18D2C20D61200E5AD59 /* Combine+Extension.swift */; };
		31C799CC2C1849A000F7FE55 /* Factory.swift in Sources */ = {isa = PBXBuildFile; fileRef = 31C799CB2C1849A000F7FE55 /* Factory.swift */; };
		31C799D02C185A2700F7FE55 /* Inject.swift in Sources */ = {isa = PBXBuildFile; fileRef = 31C799CF2C185A2700F7FE55 /* Inject.swift */; };
		31C799D42C186A7100F7FE55 /* DefaultsContainer.swift in Sources */ = {isa = PBXBuildFile; fileRef = 31C799D32C186A7000F7FE55 /* DefaultsContainer.swift */; };
		31C799D82C18892000F7FE55 /* UserDefaults+Extension.swift in Sources */ = {isa = PBXBuildFile; fileRef = 31C799D72C18892000F7FE55 /* UserDefaults+Extension.swift */; };
		31C799E02C18C0A800F7FE55 /* Repository.swift in Sources */ = {isa = PBXBuildFile; fileRef = 31C799DF2C18C0A800F7FE55 /* Repository.swift */; };
		31D363EF2C2210F900B84BD3 /* Colors.swift in Sources */ = {isa = PBXBuildFile; fileRef = 31D363EE2C2210F900B84BD3 /* Colors.swift */; };
		31D363F22C22143400B84BD3 /* Color+Extension.swift in Sources */ = {isa = PBXBuildFile; fileRef = 31D363F12C22143400B84BD3 /* Color+Extension.swift */; };
		31D363F72C22EA4500B84BD3 /* NetworkingMiddleware.swift in Sources */ = {isa = PBXBuildFile; fileRef = 31D363F62C22EA4500B84BD3 /* NetworkingMiddleware.swift */; };
		31D363F92C232CBE00B84BD3 /* PrimitiveColor.swift in Sources */ = {isa = PBXBuildFile; fileRef = 31D363F82C232CBE00B84BD3 /* PrimitiveColor.swift */; };
		31D363FB2C232CE600B84BD3 /* ColorTheme.swift in Sources */ = {isa = PBXBuildFile; fileRef = 31D363FA2C232CE600B84BD3 /* ColorTheme.swift */; };
		31D363FD2C232CFF00B84BD3 /* SurfaceColorTheme.swift in Sources */ = {isa = PBXBuildFile; fileRef = 31D363FC2C232CFF00B84BD3 /* SurfaceColorTheme.swift */; };
		31D363FF2C232D1400B84BD3 /* TextColorTheme.swift in Sources */ = {isa = PBXBuildFile; fileRef = 31D363FE2C232D1400B84BD3 /* TextColorTheme.swift */; };
		31D364012C232D2400B84BD3 /* IconColorTheme.swift in Sources */ = {isa = PBXBuildFile; fileRef = 31D364002C232D2400B84BD3 /* IconColorTheme.swift */; };
		31D364032C232D3200B84BD3 /* StrokeColorTheme.swift in Sources */ = {isa = PBXBuildFile; fileRef = 31D364022C232D3200B84BD3 /* StrokeColorTheme.swift */; };
		31D364052C232D4000B84BD3 /* AnyColorTheme.swift in Sources */ = {isa = PBXBuildFile; fileRef = 31D364042C232D4000B84BD3 /* AnyColorTheme.swift */; };
		31D364072C232D9A00B84BD3 /* SurfaceColors.swift in Sources */ = {isa = PBXBuildFile; fileRef = 31D364062C232D9A00B84BD3 /* SurfaceColors.swift */; };
		31D364092C232DB200B84BD3 /* TextColors.swift in Sources */ = {isa = PBXBuildFile; fileRef = 31D364082C232DB200B84BD3 /* TextColors.swift */; };
		31D3640B2C232DC300B84BD3 /* IconColors.swift in Sources */ = {isa = PBXBuildFile; fileRef = 31D3640A2C232DC300B84BD3 /* IconColors.swift */; };
		31D3640D2C232DD400B84BD3 /* StrokeColors.swift in Sources */ = {isa = PBXBuildFile; fileRef = 31D3640C2C232DD400B84BD3 /* StrokeColors.swift */; };
		31D364102C23305400B84BD3 /* AnyNetworkingMiddleware.swift in Sources */ = {isa = PBXBuildFile; fileRef = 31D3640F2C23305400B84BD3 /* AnyNetworkingMiddleware.swift */; };
		31D364132C23307500B84BD3 /* NetworkingLoggingMiddleware.swift in Sources */ = {isa = PBXBuildFile; fileRef = 31D364122C23307500B84BD3 /* NetworkingLoggingMiddleware.swift */; };
		31D364152C2333FA00B84BD3 /* SnackbarViewModifier.swift in Sources */ = {isa = PBXBuildFile; fileRef = 31D364142C2333FA00B84BD3 /* SnackbarViewModifier.swift */; };
		31D364182C2334AC00B84BD3 /* SnackbarStyle.swift in Sources */ = {isa = PBXBuildFile; fileRef = 31D364172C2334AC00B84BD3 /* SnackbarStyle.swift */; };
		31D3641D2C23363700B84BD3 /* SnackbarConfiguration.swift in Sources */ = {isa = PBXBuildFile; fileRef = 31D3641C2C23363700B84BD3 /* SnackbarConfiguration.swift */; };
		31D3641F2C23378500B84BD3 /* DefaultSnackbarStyle.swift in Sources */ = {isa = PBXBuildFile; fileRef = 31D3641E2C23378500B84BD3 /* DefaultSnackbarStyle.swift */; };
		31D364212C2338DB00B84BD3 /* SnackbarStyleEnvironmentKey.swift in Sources */ = {isa = PBXBuildFile; fileRef = 31D364202C2338DB00B84BD3 /* SnackbarStyleEnvironmentKey.swift */; };
		31D364232C23393100B84BD3 /* AnySnackbarStyle.swift in Sources */ = {isa = PBXBuildFile; fileRef = 31D364222C23393100B84BD3 /* AnySnackbarStyle.swift */; };
		31E02CA32C1B74EC00FD8E0C /* Home.swift in Sources */ = {isa = PBXBuildFile; fileRef = 31E02CA22C1B74EC00FD8E0C /* Home.swift */; };
		31E02CA52C1B74F300FD8E0C /* HomeViewModel.swift in Sources */ = {isa = PBXBuildFile; fileRef = 31E02CA42C1B74F300FD8E0C /* HomeViewModel.swift */; };
		31E02CA82C1B768B00FD8E0C /* BaseTabItem.swift in Sources */ = {isa = PBXBuildFile; fileRef = 31E02CA72C1B768B00FD8E0C /* BaseTabItem.swift */; };
		31E02CAD2C1B773200FD8E0C /* Menu.swift in Sources */ = {isa = PBXBuildFile; fileRef = 31E02CAC2C1B773200FD8E0C /* Menu.swift */; };
		31E02CAF2C1B773B00FD8E0C /* MenuViewModel.swift in Sources */ = {isa = PBXBuildFile; fileRef = 31E02CAE2C1B773B00FD8E0C /* MenuViewModel.swift */; };
		31E02CB92C1B815E00FD8E0C /* ProfileViewModel.swift in Sources */ = {isa = PBXBuildFile; fileRef = 31E02CB72C1B815E00FD8E0C /* ProfileViewModel.swift */; };
		31E02CBA2C1B815E00FD8E0C /* Profile.swift in Sources */ = {isa = PBXBuildFile; fileRef = 31E02CB82C1B815E00FD8E0C /* Profile.swift */; };
		31E02CBC2C1B86AF00FD8E0C /* HomeTab.swift in Sources */ = {isa = PBXBuildFile; fileRef = 31E02CBB2C1B86AF00FD8E0C /* HomeTab.swift */; };
		31E02CC62C1C3CDE00FD8E0C /* MarkaziText-Medium.ttf in Resources */ = {isa = PBXBuildFile; fileRef = 31E02CC52C1C3CDE00FD8E0C /* MarkaziText-Medium.ttf */; };
		31E02CC82C1C3CFC00FD8E0C /* MarkaziText-Regular.ttf in Resources */ = {isa = PBXBuildFile; fileRef = 31E02CC72C1C3CFC00FD8E0C /* MarkaziText-Regular.ttf */; };
		31E02CCD2C1C3D3A00FD8E0C /* Karla-Regular.ttf in Resources */ = {isa = PBXBuildFile; fileRef = 31E02CC92C1C3D3900FD8E0C /* Karla-Regular.ttf */; };
		31E02CCE2C1C3D3A00FD8E0C /* Karla-Medium.ttf in Resources */ = {isa = PBXBuildFile; fileRef = 31E02CCA2C1C3D3900FD8E0C /* Karla-Medium.ttf */; };
		31E02CCF2C1C3D3A00FD8E0C /* Karla-ExtraBold.ttf in Resources */ = {isa = PBXBuildFile; fileRef = 31E02CCB2C1C3D3900FD8E0C /* Karla-ExtraBold.ttf */; };
		31E02CD02C1C3D3A00FD8E0C /* Karla-Bold.ttf in Resources */ = {isa = PBXBuildFile; fileRef = 31E02CCC2C1C3D3A00FD8E0C /* Karla-Bold.ttf */; };
		31E02CD32C1C3D9300FD8E0C /* Fonts.swift in Sources */ = {isa = PBXBuildFile; fileRef = 31E02CD22C1C3D9300FD8E0C /* Fonts.swift */; };
		31E02CE82C1C9EF300FD8E0C /* EditProfileForm.swift in Sources */ = {isa = PBXBuildFile; fileRef = 31E02CE72C1C9EF300FD8E0C /* EditProfileForm.swift */; };
		31F6380E2C235DDF004837B5 /* ThemeUtil.swift in Sources */ = {isa = PBXBuildFile; fileRef = 31F6380D2C235DDF004837B5 /* ThemeUtil.swift */; };
/* End PBXBuildFile section */

/* Begin PBXFileReference section */
		310CD92A2C24F57B000D092C /* MenuDetail.swift */ = {isa = PBXFileReference; lastKnownFileType = sourcecode.swift; path = MenuDetail.swift; sourceTree = "<group>"; };
		313818E72C7782CD0069928C /* ShimmerModifier.swift */ = {isa = PBXFileReference; lastKnownFileType = sourcecode.swift; path = ShimmerModifier.swift; sourceTree = "<group>"; };
		313818EB2C7954CF0069928C /* MenuCategory.swift */ = {isa = PBXFileReference; lastKnownFileType = sourcecode.swift; path = MenuCategory.swift; sourceTree = "<group>"; };
		315C337C2BBEDDDA00EB84CE /* Restaurant.app */ = {isa = PBXFileReference; explicitFileType = wrapper.application; includeInIndex = 0; path = Restaurant.app; sourceTree = BUILT_PRODUCTS_DIR; };
		315C337F2BBEDDDA00EB84CE /* RestaurantApp.swift */ = {isa = PBXFileReference; lastKnownFileType = sourcecode.swift; path = RestaurantApp.swift; sourceTree = "<group>"; };
		315C33832BBEDDDC00EB84CE /* Assets.xcassets */ = {isa = PBXFileReference; lastKnownFileType = folder.assetcatalog; path = Assets.xcassets; sourceTree = "<group>"; };
		315C33862BBEDDDC00EB84CE /* Preview Assets.xcassets */ = {isa = PBXFileReference; lastKnownFileType = folder.assetcatalog; path = "Preview Assets.xcassets"; sourceTree = "<group>"; };
		316487EA2C15003300CAA8A8 /* LLTextFieldStyle.swift */ = {isa = PBXFileReference; lastKnownFileType = sourcecode.swift; path = LLTextFieldStyle.swift; sourceTree = "<group>"; };
		316487EC2C15014B00CAA8A8 /* LLTextFieldState.swift */ = {isa = PBXFileReference; lastKnownFileType = sourcecode.swift; path = LLTextFieldState.swift; sourceTree = "<group>"; };
		316487F02C15050500CAA8A8 /* Shape+Extension.swift */ = {isa = PBXFileReference; lastKnownFileType = sourcecode.swift; path = "Shape+Extension.swift"; sourceTree = "<group>"; };
		3167D91B2C2441F500555410 /* SnackbarController.swift */ = {isa = PBXFileReference; lastKnownFileType = sourcecode.swift; path = SnackbarController.swift; sourceTree = "<group>"; };
		3167D91D2C245A8200555410 /* FullscreenSnackbarStyle.swift */ = {isa = PBXFileReference; lastKnownFileType = sourcecode.swift; path = FullscreenSnackbarStyle.swift; sourceTree = "<group>"; };
		3169E4D82C1DB3090064FA7E /* FileUtil.swift */ = {isa = PBXFileReference; lastKnownFileType = sourcecode.swift; path = FileUtil.swift; sourceTree = "<group>"; };
		3169E4E62C1E572E0064FA7E /* Image+Extension.swift */ = {isa = PBXFileReference; lastKnownFileType = sourcecode.swift; path = "Image+Extension.swift"; sourceTree = "<group>"; };
		3169E4E82C1ED0F20064FA7E /* MenuSearch.swift */ = {isa = PBXFileReference; lastKnownFileType = sourcecode.swift; path = MenuSearch.swift; sourceTree = "<group>"; };
		316BCEDF2C21C30E00F19E69 /* MenuCard.swift */ = {isa = PBXFileReference; lastKnownFileType = sourcecode.swift; path = MenuCard.swift; sourceTree = "<group>"; };
		318040202C162C0900B507D7 /* Validator+Combine.swift */ = {isa = PBXFileReference; lastKnownFileType = sourcecode.swift; path = "Validator+Combine.swift"; sourceTree = "<group>"; };
		318040222C162DF200B507D7 /* Login.swift */ = {isa = PBXFileReference; lastKnownFileType = sourcecode.swift; path = Login.swift; sourceTree = "<group>"; };
		318BB2C62C988E020084139C /* OnboardingWelcome.swift */ = {isa = PBXFileReference; lastKnownFileType = sourcecode.swift; path = OnboardingWelcome.swift; sourceTree = "<group>"; };
		318BB2C82C988E190084139C /* OnboardingTabView.swift */ = {isa = PBXFileReference; lastKnownFileType = sourcecode.swift; path = OnboardingTabView.swift; sourceTree = "<group>"; };
		318BB2CA2C988EC60084139C /* OnboardingInfo.swift */ = {isa = PBXFileReference; lastKnownFileType = sourcecode.swift; path = OnboardingInfo.swift; sourceTree = "<group>"; };
		318C56CB2C9AF27C00ED407D /* GradientTheme.swift */ = {isa = PBXFileReference; lastKnownFileType = sourcecode.swift; path = GradientTheme.swift; sourceTree = "<group>"; };
		318C56CD2C9AF2B200ED407D /* PrimitiveGradient.swift */ = {isa = PBXFileReference; lastKnownFileType = sourcecode.swift; path = PrimitiveGradient.swift; sourceTree = "<group>"; };
		318C56CF2C9AF2EE00ED407D /* Gradients.swift */ = {isa = PBXFileReference; lastKnownFileType = sourcecode.swift; path = Gradients.swift; sourceTree = "<group>"; };
		318C56D32C9AF3CD00ED407D /* Gradient+Extension.swift */ = {isa = PBXFileReference; lastKnownFileType = sourcecode.swift; path = "Gradient+Extension.swift"; sourceTree = "<group>"; };
		318C56D52C9AF4F100ED407D /* Primitive.swift */ = {isa = PBXFileReference; lastKnownFileType = sourcecode.swift; path = Primitive.swift; sourceTree = "<group>"; };
		318C56D72C9AF53300ED407D /* Themable.swift */ = {isa = PBXFileReference; lastKnownFileType = sourcecode.swift; path = Themable.swift; sourceTree = "<group>"; };
		318C56D92C9AF8EA00ED407D /* AnyGradientTheme.swift */ = {isa = PBXFileReference; lastKnownFileType = sourcecode.swift; path = AnyGradientTheme.swift; sourceTree = "<group>"; };
		318C56DB2C9AFD3800ED407D /* ShapeStyle+Extension.swift */ = {isa = PBXFileReference; lastKnownFileType = sourcecode.swift; path = "ShapeStyle+Extension.swift"; sourceTree = "<group>"; };
		3199F1722C159F2200EF666C /* Validator.swift */ = {isa = PBXFileReference; lastKnownFileType = sourcecode.swift; path = Validator.swift; sourceTree = "<group>"; };
		3199F1762C15AFA300EF666C /* Validators.swift */ = {isa = PBXFileReference; lastKnownFileType = sourcecode.swift; path = Validators.swift; sourceTree = "<group>"; };
		3199F1822C15DD7100EF666C /* LoginViewModel.swift */ = {isa = PBXFileReference; lastKnownFileType = sourcecode.swift; path = LoginViewModel.swift; sourceTree = "<group>"; };
		3199F1892C15EAA000EF666C /* BaseViewModel.swift */ = {isa = PBXFileReference; lastKnownFileType = sourcecode.swift; path = BaseViewModel.swift; sourceTree = "<group>"; };
		319CF16D2C20C12700E5AD59 /* MenuList.swift */ = {isa = PBXFileReference; lastKnownFileType = sourcecode.swift; path = MenuList.swift; sourceTree = "<group>"; };
		319CF16F2C20C24E00E5AD59 /* MenuItem.swift */ = {isa = PBXFileReference; lastKnownFileType = sourcecode.swift; path = MenuItem.swift; sourceTree = "<group>"; };
		319CF1742C20C2C900E5AD59 /* CombineNetworking.swift */ = {isa = PBXFileReference; lastKnownFileType = sourcecode.swift; path = CombineNetworking.swift; sourceTree = "<group>"; };
		319CF1762C20C31A00E5AD59 /* Service.swift */ = {isa = PBXFileReference; lastKnownFileType = sourcecode.swift; path = Service.swift; sourceTree = "<group>"; };
		319CF1782C20C39E00E5AD59 /* URLSessionCombineNetworker.swift */ = {isa = PBXFileReference; lastKnownFileType = sourcecode.swift; path = URLSessionCombineNetworker.swift; sourceTree = "<group>"; };
		319CF17A2C20C3FC00E5AD59 /* NetworkingError.swift */ = {isa = PBXFileReference; lastKnownFileType = sourcecode.swift; path = NetworkingError.swift; sourceTree = "<group>"; };
		319CF17C2C20C63400E5AD59 /* RequestMethod.swift */ = {isa = PBXFileReference; lastKnownFileType = sourcecode.swift; path = RequestMethod.swift; sourceTree = "<group>"; };
		319CF1802C20CCB400E5AD59 /* MenuService.swift */ = {isa = PBXFileReference; lastKnownFileType = sourcecode.swift; path = MenuService.swift; sourceTree = "<group>"; };
		319CF1852C20CEFA00E5AD59 /* PersistenceController.swift */ = {isa = PBXFileReference; lastKnownFileType = sourcecode.swift; path = PersistenceController.swift; sourceTree = "<group>"; };
		319CF1872C20CF5800E5AD59 /* FetchedObjects.swift */ = {isa = PBXFileReference; lastKnownFileType = sourcecode.swift; path = FetchedObjects.swift; sourceTree = "<group>"; };
		319CF18B2C20D19B00E5AD59 /* ExampleDatabase.xcdatamodel */ = {isa = PBXFileReference; lastKnownFileType = wrapper.xcdatamodel; path = ExampleDatabase.xcdatamodel; sourceTree = "<group>"; };
		319CF18D2C20D61200E5AD59 /* Combine+Extension.swift */ = {isa = PBXFileReference; lastKnownFileType = sourcecode.swift; path = "Combine+Extension.swift"; sourceTree = "<group>"; };
		31C799CB2C1849A000F7FE55 /* Factory.swift */ = {isa = PBXFileReference; lastKnownFileType = sourcecode.swift; path = Factory.swift; sourceTree = "<group>"; };
		31C799CF2C185A2700F7FE55 /* Inject.swift */ = {isa = PBXFileReference; lastKnownFileType = sourcecode.swift; path = Inject.swift; sourceTree = "<group>"; };
		31C799D32C186A7000F7FE55 /* DefaultsContainer.swift */ = {isa = PBXFileReference; lastKnownFileType = sourcecode.swift; path = DefaultsContainer.swift; sourceTree = "<group>"; };
		31C799D72C18892000F7FE55 /* UserDefaults+Extension.swift */ = {isa = PBXFileReference; lastKnownFileType = sourcecode.swift; path = "UserDefaults+Extension.swift"; sourceTree = "<group>"; };
		31C799DF2C18C0A800F7FE55 /* Repository.swift */ = {isa = PBXFileReference; lastKnownFileType = sourcecode.swift; path = Repository.swift; sourceTree = "<group>"; };
		31D363EE2C2210F900B84BD3 /* Colors.swift */ = {isa = PBXFileReference; lastKnownFileType = sourcecode.swift; path = Colors.swift; sourceTree = "<group>"; };
		31D363F12C22143400B84BD3 /* Color+Extension.swift */ = {isa = PBXFileReference; lastKnownFileType = sourcecode.swift; path = "Color+Extension.swift"; sourceTree = "<group>"; };
		31D363F62C22EA4500B84BD3 /* NetworkingMiddleware.swift */ = {isa = PBXFileReference; lastKnownFileType = sourcecode.swift; path = NetworkingMiddleware.swift; sourceTree = "<group>"; };
		31D363F82C232CBE00B84BD3 /* PrimitiveColor.swift */ = {isa = PBXFileReference; lastKnownFileType = sourcecode.swift; path = PrimitiveColor.swift; sourceTree = "<group>"; };
		31D363FA2C232CE600B84BD3 /* ColorTheme.swift */ = {isa = PBXFileReference; lastKnownFileType = sourcecode.swift; path = ColorTheme.swift; sourceTree = "<group>"; };
		31D363FC2C232CFF00B84BD3 /* SurfaceColorTheme.swift */ = {isa = PBXFileReference; lastKnownFileType = sourcecode.swift; path = SurfaceColorTheme.swift; sourceTree = "<group>"; };
		31D363FE2C232D1400B84BD3 /* TextColorTheme.swift */ = {isa = PBXFileReference; lastKnownFileType = sourcecode.swift; path = TextColorTheme.swift; sourceTree = "<group>"; };
		31D364002C232D2400B84BD3 /* IconColorTheme.swift */ = {isa = PBXFileReference; lastKnownFileType = sourcecode.swift; path = IconColorTheme.swift; sourceTree = "<group>"; };
		31D364022C232D3200B84BD3 /* StrokeColorTheme.swift */ = {isa = PBXFileReference; lastKnownFileType = sourcecode.swift; path = StrokeColorTheme.swift; sourceTree = "<group>"; };
		31D364042C232D4000B84BD3 /* AnyColorTheme.swift */ = {isa = PBXFileReference; lastKnownFileType = sourcecode.swift; path = AnyColorTheme.swift; sourceTree = "<group>"; };
		31D364062C232D9A00B84BD3 /* SurfaceColors.swift */ = {isa = PBXFileReference; lastKnownFileType = sourcecode.swift; path = SurfaceColors.swift; sourceTree = "<group>"; };
		31D364082C232DB200B84BD3 /* TextColors.swift */ = {isa = PBXFileReference; lastKnownFileType = sourcecode.swift; path = TextColors.swift; sourceTree = "<group>"; };
		31D3640A2C232DC300B84BD3 /* IconColors.swift */ = {isa = PBXFileReference; lastKnownFileType = sourcecode.swift; path = IconColors.swift; sourceTree = "<group>"; };
		31D3640C2C232DD400B84BD3 /* StrokeColors.swift */ = {isa = PBXFileReference; lastKnownFileType = sourcecode.swift; path = StrokeColors.swift; sourceTree = "<group>"; };
		31D3640F2C23305400B84BD3 /* AnyNetworkingMiddleware.swift */ = {isa = PBXFileReference; lastKnownFileType = sourcecode.swift; path = AnyNetworkingMiddleware.swift; sourceTree = "<group>"; };
		31D364122C23307500B84BD3 /* NetworkingLoggingMiddleware.swift */ = {isa = PBXFileReference; lastKnownFileType = sourcecode.swift; path = NetworkingLoggingMiddleware.swift; sourceTree = "<group>"; };
		31D364142C2333FA00B84BD3 /* SnackbarViewModifier.swift */ = {isa = PBXFileReference; lastKnownFileType = sourcecode.swift; path = SnackbarViewModifier.swift; sourceTree = "<group>"; };
		31D364172C2334AC00B84BD3 /* SnackbarStyle.swift */ = {isa = PBXFileReference; lastKnownFileType = sourcecode.swift; path = SnackbarStyle.swift; sourceTree = "<group>"; };
		31D3641C2C23363700B84BD3 /* SnackbarConfiguration.swift */ = {isa = PBXFileReference; lastKnownFileType = sourcecode.swift; path = SnackbarConfiguration.swift; sourceTree = "<group>"; };
		31D3641E2C23378500B84BD3 /* DefaultSnackbarStyle.swift */ = {isa = PBXFileReference; lastKnownFileType = sourcecode.swift; path = DefaultSnackbarStyle.swift; sourceTree = "<group>"; };
		31D364202C2338DB00B84BD3 /* SnackbarStyleEnvironmentKey.swift */ = {isa = PBXFileReference; lastKnownFileType = sourcecode.swift; path = SnackbarStyleEnvironmentKey.swift; sourceTree = "<group>"; };
		31D364222C23393100B84BD3 /* AnySnackbarStyle.swift */ = {isa = PBXFileReference; lastKnownFileType = sourcecode.swift; path = AnySnackbarStyle.swift; sourceTree = "<group>"; };
		31E02CA22C1B74EC00FD8E0C /* Home.swift */ = {isa = PBXFileReference; lastKnownFileType = sourcecode.swift; path = Home.swift; sourceTree = "<group>"; };
		31E02CA42C1B74F300FD8E0C /* HomeViewModel.swift */ = {isa = PBXFileReference; lastKnownFileType = sourcecode.swift; path = HomeViewModel.swift; sourceTree = "<group>"; };
		31E02CA72C1B768B00FD8E0C /* BaseTabItem.swift */ = {isa = PBXFileReference; lastKnownFileType = sourcecode.swift; path = BaseTabItem.swift; sourceTree = "<group>"; };
		31E02CAC2C1B773200FD8E0C /* Menu.swift */ = {isa = PBXFileReference; lastKnownFileType = sourcecode.swift; path = Menu.swift; sourceTree = "<group>"; };
		31E02CAE2C1B773B00FD8E0C /* MenuViewModel.swift */ = {isa = PBXFileReference; lastKnownFileType = sourcecode.swift; path = MenuViewModel.swift; sourceTree = "<group>"; };
		31E02CB72C1B815E00FD8E0C /* ProfileViewModel.swift */ = {isa = PBXFileReference; lastKnownFileType = sourcecode.swift; path = ProfileViewModel.swift; sourceTree = "<group>"; };
		31E02CB82C1B815E00FD8E0C /* Profile.swift */ = {isa = PBXFileReference; lastKnownFileType = sourcecode.swift; path = Profile.swift; sourceTree = "<group>"; };
		31E02CBB2C1B86AF00FD8E0C /* HomeTab.swift */ = {isa = PBXFileReference; lastKnownFileType = sourcecode.swift; path = HomeTab.swift; sourceTree = "<group>"; };
		31E02CC52C1C3CDE00FD8E0C /* MarkaziText-Medium.ttf */ = {isa = PBXFileReference; lastKnownFileType = file; path = "MarkaziText-Medium.ttf"; sourceTree = "<group>"; };
		31E02CC72C1C3CFC00FD8E0C /* MarkaziText-Regular.ttf */ = {isa = PBXFileReference; lastKnownFileType = file; path = "MarkaziText-Regular.ttf"; sourceTree = "<group>"; };
		31E02CC92C1C3D3900FD8E0C /* Karla-Regular.ttf */ = {isa = PBXFileReference; lastKnownFileType = file; path = "Karla-Regular.ttf"; sourceTree = "<group>"; };
		31E02CCA2C1C3D3900FD8E0C /* Karla-Medium.ttf */ = {isa = PBXFileReference; lastKnownFileType = file; path = "Karla-Medium.ttf"; sourceTree = "<group>"; };
		31E02CCB2C1C3D3900FD8E0C /* Karla-ExtraBold.ttf */ = {isa = PBXFileReference; lastKnownFileType = file; path = "Karla-ExtraBold.ttf"; sourceTree = "<group>"; };
		31E02CCC2C1C3D3A00FD8E0C /* Karla-Bold.ttf */ = {isa = PBXFileReference; lastKnownFileType = file; path = "Karla-Bold.ttf"; sourceTree = "<group>"; };
		31E02CD22C1C3D9300FD8E0C /* Fonts.swift */ = {isa = PBXFileReference; lastKnownFileType = sourcecode.swift; path = Fonts.swift; sourceTree = "<group>"; };
		31E02CD42C1C3E3B00FD8E0C /* Info.plist */ = {isa = PBXFileReference; lastKnownFileType = text.plist; path = Info.plist; sourceTree = "<group>"; };
		31E02CE72C1C9EF300FD8E0C /* EditProfileForm.swift */ = {isa = PBXFileReference; lastKnownFileType = sourcecode.swift; path = EditProfileForm.swift; sourceTree = "<group>"; };
		31F6380D2C235DDF004837B5 /* ThemeUtil.swift */ = {isa = PBXFileReference; lastKnownFileType = sourcecode.swift; path = ThemeUtil.swift; sourceTree = "<group>"; };
/* End PBXFileReference section */

/* Begin PBXFrameworksBuildPhase section */
		315C33792BBEDDDA00EB84CE /* Frameworks */ = {
			isa = PBXFrameworksBuildPhase;
			buildActionMask = 2147483647;
			files = (
			);
			runOnlyForDeploymentPostprocessing = 0;
		};
/* End PBXFrameworksBuildPhase section */

/* Begin PBXGroup section */
		313818E62C7782A80069928C /* Shimmer */ = {
			isa = PBXGroup;
			children = (
				313818E72C7782CD0069928C /* ShimmerModifier.swift */,
			);
			path = Shimmer;
			sourceTree = "<group>";
		};
		315C33732BBEDDDA00EB84CE = {
			isa = PBXGroup;
			children = (
				315C337E2BBEDDDA00EB84CE /* Restaurant */,
				315C337D2BBEDDDA00EB84CE /* Products */,
			);
			sourceTree = "<group>";
		};
		315C337D2BBEDDDA00EB84CE /* Products */ = {
			isa = PBXGroup;
			children = (
				315C337C2BBEDDDA00EB84CE /* Restaurant.app */,
			);
			name = Products;
			sourceTree = "<group>";
		};
		315C337E2BBEDDDA00EB84CE /* Restaurant */ = {
			isa = PBXGroup;
			children = (
				31E02CD42C1C3E3B00FD8E0C /* Info.plist */,
				315C337F2BBEDDDA00EB84CE /* RestaurantApp.swift */,
				315C33832BBEDDDC00EB84CE /* Assets.xcassets */,
				316487E32C14F98E00CAA8A8 /* Core */,
				316487E42C14F99D00CAA8A8 /* Features */,
				31E02CC32C1C3CA800FD8E0C /* Resources */,
				315C33852BBEDDDC00EB84CE /* Preview Content */,
			);
			path = Restaurant;
			sourceTree = "<group>";
		};
		315C33852BBEDDDC00EB84CE /* Preview Content */ = {
			isa = PBXGroup;
			children = (
				315C33862BBEDDDC00EB84CE /* Preview Assets.xcassets */,
			);
			path = "Preview Content";
			sourceTree = "<group>";
		};
		316487E32C14F98E00CAA8A8 /* Core */ = {
			isa = PBXGroup;
			children = (
				31AD06322C16EAB100DD614A /* Util */,
				3180401C2C160C9B00B507D7 /* Views */,
				31E02CD72C1C4B3300FD8E0C /* ViewModifiers */,
				3199F16E2C159EFC00EF666C /* Abstraction */,
				319CF16C2C20C11600E5AD59 /* Models */,
				319CF1712C20C29000E5AD59 /* Networking */,
				319CF17F2C20CCA200E5AD59 /* Services */,
				316487E92C15001900CAA8A8 /* Styles */,
				316487E62C14F9D900CAA8A8 /* Extensions */,
			);
			path = Core;
			sourceTree = "<group>";
		};
		316487E42C14F99D00CAA8A8 /* Features */ = {
			isa = PBXGroup;
			children = (
				31E02CB62C1B815400FD8E0C /* Profile */,
				31E02CA92C1B772100FD8E0C /* Menu */,
				31E02CA12C1B74E000FD8E0C /* Home */,
				316487E52C14F9A000CAA8A8 /* Onboarding */,
			);
			path = Features;
			sourceTree = "<group>";
		};
		316487E52C14F9A000CAA8A8 /* Onboarding */ = {
			isa = PBXGroup;
			children = (
				3199F1822C15DD7100EF666C /* LoginViewModel.swift */,
				318040222C162DF200B507D7 /* Login.swift */,
				318BB2C62C988E020084139C /* OnboardingWelcome.swift */,
				318BB2CA2C988EC60084139C /* OnboardingInfo.swift */,
				318BB2C82C988E190084139C /* OnboardingTabView.swift */,
			);
			path = Onboarding;
			sourceTree = "<group>";
		};
		316487E62C14F9D900CAA8A8 /* Extensions */ = {
			isa = PBXGroup;
			children = (
				31D363F32C22D8F600B84BD3 /* Environment */,
				316487F02C15050500CAA8A8 /* Shape+Extension.swift */,
				31C799D72C18892000F7FE55 /* UserDefaults+Extension.swift */,
				3169E4E62C1E572E0064FA7E /* Image+Extension.swift */,
				319CF18D2C20D61200E5AD59 /* Combine+Extension.swift */,
				31D363F12C22143400B84BD3 /* Color+Extension.swift */,
				318C56D32C9AF3CD00ED407D /* Gradient+Extension.swift */,
				318C56DB2C9AFD3800ED407D /* ShapeStyle+Extension.swift */,
			);
			path = Extensions;
			sourceTree = "<group>";
		};
		316487E92C15001900CAA8A8 /* Styles */ = {
			isa = PBXGroup;
			children = (
				318C56CA2C9AF24D00ED407D /* Gradients */,
				31D364162C2334A700B84BD3 /* Snackbar */,
				31D363ED2C2210F200B84BD3 /* Colors */,
				31E02CD12C1C3D6D00FD8E0C /* Fonts */,
				316487EF2C15017100CAA8A8 /* TextField */,
			);
			path = Styles;
			sourceTree = "<group>";
		};
		316487EF2C15017100CAA8A8 /* TextField */ = {
			isa = PBXGroup;
			children = (
				316487EA2C15003300CAA8A8 /* LLTextFieldStyle.swift */,
				316487EC2C15014B00CAA8A8 /* LLTextFieldState.swift */,
			);
			path = TextField;
			sourceTree = "<group>";
		};
		3167D91A2C2441EB00555410 /* Snackbar */ = {
			isa = PBXGroup;
			children = (
				3167D91B2C2441F500555410 /* SnackbarController.swift */,
			);
			path = Snackbar;
			sourceTree = "<group>";
		};
		3169E4D72C1DB2FF0064FA7E /* File */ = {
			isa = PBXGroup;
			children = (
				3169E4D82C1DB3090064FA7E /* FileUtil.swift */,
			);
			path = File;
			sourceTree = "<group>";
		};
		3180401C2C160C9B00B507D7 /* Views */ = {
			isa = PBXGroup;
			children = (
				319CF1872C20CF5800E5AD59 /* FetchedObjects.swift */,
			);
			path = Views;
			sourceTree = "<group>";
		};
		318C56CA2C9AF24D00ED407D /* Gradients */ = {
			isa = PBXGroup;
			children = (
				318C56CB2C9AF27C00ED407D /* GradientTheme.swift */,
				318C56D92C9AF8EA00ED407D /* AnyGradientTheme.swift */,
				318C56CF2C9AF2EE00ED407D /* Gradients.swift */,
				318C56CD2C9AF2B200ED407D /* PrimitiveGradient.swift */,
			);
			path = Gradients;
			sourceTree = "<group>";
		};
		3199F16E2C159EFC00EF666C /* Abstraction */ = {
			isa = PBXGroup;
			children = (
				31E02CA62C1B766900FD8E0C /* TabItem */,
				3199F1882C15EA9A00EF666C /* ViewModel */,
			);
			path = Abstraction;
			sourceTree = "<group>";
		};
		3199F16F2C159F0000EF666C /* Validation */ = {
			isa = PBXGroup;
			children = (
				3199F1722C159F2200EF666C /* Validator.swift */,
				3199F1762C15AFA300EF666C /* Validators.swift */,
				318040202C162C0900B507D7 /* Validator+Combine.swift */,
			);
			path = Validation;
			sourceTree = "<group>";
		};
		3199F1882C15EA9A00EF666C /* ViewModel */ = {
			isa = PBXGroup;
			children = (
				3199F1892C15EAA000EF666C /* BaseViewModel.swift */,
			);
			path = ViewModel;
			sourceTree = "<group>";
		};
		319CF16C2C20C11600E5AD59 /* Models */ = {
			isa = PBXGroup;
			children = (
				319CF16D2C20C12700E5AD59 /* MenuList.swift */,
				319CF16F2C20C24E00E5AD59 /* MenuItem.swift */,
				313818EB2C7954CF0069928C /* MenuCategory.swift */,
			);
			path = Models;
			sourceTree = "<group>";
		};
		319CF1712C20C29000E5AD59 /* Networking */ = {
			isa = PBXGroup;
			children = (
				319CF1742C20C2C900E5AD59 /* CombineNetworking.swift */,
				31D364112C23306000B84BD3 /* Middleware */,
				319CF1762C20C31A00E5AD59 /* Service.swift */,
				319CF17C2C20C63400E5AD59 /* RequestMethod.swift */,
				319CF17A2C20C3FC00E5AD59 /* NetworkingError.swift */,
				319CF1782C20C39E00E5AD59 /* URLSessionCombineNetworker.swift */,
			);
			path = Networking;
			sourceTree = "<group>";
		};
		319CF17F2C20CCA200E5AD59 /* Services */ = {
			isa = PBXGroup;
			children = (
				319CF1802C20CCB400E5AD59 /* MenuService.swift */,
			);
			path = Services;
			sourceTree = "<group>";
		};
		319CF1822C20CEE200E5AD59 /* Persistence */ = {
			isa = PBXGroup;
			children = (
				319CF1852C20CEFA00E5AD59 /* PersistenceController.swift */,
			);
			path = Persistence;
			sourceTree = "<group>";
		};
		319CF1892C20D17200E5AD59 /* CoreData */ = {
			isa = PBXGroup;
			children = (
				319CF18A2C20D19B00E5AD59 /* ExampleDatabase.xcdatamodeld */,
			);
			path = CoreData;
			sourceTree = "<group>";
		};
		31AD06322C16EAB100DD614A /* Util */ = {
			isa = PBXGroup;
			children = (
				3167D91A2C2441EB00555410 /* Snackbar */,
				31F6380C2C235DD4004837B5 /* Theme */,
				319CF1822C20CEE200E5AD59 /* Persistence */,
				3169E4D72C1DB2FF0064FA7E /* File */,
				3199F16F2C159F0000EF666C /* Validation */,
				31C799C62C1848CF00F7FE55 /* DependencyInjection */,
				31C799C52C1848C900F7FE55 /* UserDefaults */,
			);
			path = Util;
			sourceTree = "<group>";
		};
		31C799C52C1848C900F7FE55 /* UserDefaults */ = {
			isa = PBXGroup;
			children = (
				31C799D32C186A7000F7FE55 /* DefaultsContainer.swift */,
			);
			path = UserDefaults;
			sourceTree = "<group>";
		};
		31C799C62C1848CF00F7FE55 /* DependencyInjection */ = {
			isa = PBXGroup;
			children = (
				31C799CB2C1849A000F7FE55 /* Factory.swift */,
				31C799DF2C18C0A800F7FE55 /* Repository.swift */,
				31C799CF2C185A2700F7FE55 /* Inject.swift */,
			);
			path = DependencyInjection;
			sourceTree = "<group>";
		};
		31D363ED2C2210F200B84BD3 /* Colors */ = {
			isa = PBXGroup;
			children = (
				31D363F82C232CBE00B84BD3 /* PrimitiveColor.swift */,
				31D363FA2C232CE600B84BD3 /* ColorTheme.swift */,
				31D364042C232D4000B84BD3 /* AnyColorTheme.swift */,
				31D363FC2C232CFF00B84BD3 /* SurfaceColorTheme.swift */,
				31D363FE2C232D1400B84BD3 /* TextColorTheme.swift */,
				31D364002C232D2400B84BD3 /* IconColorTheme.swift */,
				31D364022C232D3200B84BD3 /* StrokeColorTheme.swift */,
				31D363EE2C2210F900B84BD3 /* Colors.swift */,
				31D364062C232D9A00B84BD3 /* SurfaceColors.swift */,
				31D364082C232DB200B84BD3 /* TextColors.swift */,
				31D3640A2C232DC300B84BD3 /* IconColors.swift */,
				31D3640C2C232DD400B84BD3 /* StrokeColors.swift */,
			);
			path = Colors;
			sourceTree = "<group>";
		};
		31D363F32C22D8F600B84BD3 /* Environment */ = {
			isa = PBXGroup;
			children = (
				31D364202C2338DB00B84BD3 /* SnackbarStyleEnvironmentKey.swift */,
			);
			path = Environment;
			sourceTree = "<group>";
		};
		31D364112C23306000B84BD3 /* Middleware */ = {
			isa = PBXGroup;
			children = (
				31D363F62C22EA4500B84BD3 /* NetworkingMiddleware.swift */,
				31D3640F2C23305400B84BD3 /* AnyNetworkingMiddleware.swift */,
				31D364122C23307500B84BD3 /* NetworkingLoggingMiddleware.swift */,
			);
			path = Middleware;
			sourceTree = "<group>";
		};
		31D364162C2334A700B84BD3 /* Snackbar */ = {
			isa = PBXGroup;
			children = (
				31D364172C2334AC00B84BD3 /* SnackbarStyle.swift */,
				31D364222C23393100B84BD3 /* AnySnackbarStyle.swift */,
				31D3641E2C23378500B84BD3 /* DefaultSnackbarStyle.swift */,
				3167D91D2C245A8200555410 /* FullscreenSnackbarStyle.swift */,
				31D3641C2C23363700B84BD3 /* SnackbarConfiguration.swift */,
			);
			path = Snackbar;
			sourceTree = "<group>";
		};
		31D364192C2334D400B84BD3 /* Snackbar */ = {
			isa = PBXGroup;
			children = (
				31D364142C2333FA00B84BD3 /* SnackbarViewModifier.swift */,
			);
			path = Snackbar;
			sourceTree = "<group>";
		};
		31E02CA12C1B74E000FD8E0C /* Home */ = {
			isa = PBXGroup;
			children = (
				31E02CA22C1B74EC00FD8E0C /* Home.swift */,
				31E02CA42C1B74F300FD8E0C /* HomeViewModel.swift */,
				31E02CBB2C1B86AF00FD8E0C /* HomeTab.swift */,
			);
			path = Home;
			sourceTree = "<group>";
		};
		31E02CA62C1B766900FD8E0C /* TabItem */ = {
			isa = PBXGroup;
			children = (
				31E02CA72C1B768B00FD8E0C /* BaseTabItem.swift */,
			);
			path = TabItem;
			sourceTree = "<group>";
		};
		31E02CA92C1B772100FD8E0C /* Menu */ = {
			isa = PBXGroup;
			children = (
				31E02CAC2C1B773200FD8E0C /* Menu.swift */,
				316BCEDF2C21C30E00F19E69 /* MenuCard.swift */,
				3169E4E82C1ED0F20064FA7E /* MenuSearch.swift */,
				31E02CAE2C1B773B00FD8E0C /* MenuViewModel.swift */,
				310CD92A2C24F57B000D092C /* MenuDetail.swift */,
			);
			path = Menu;
			sourceTree = "<group>";
		};
		31E02CB62C1B815400FD8E0C /* Profile */ = {
			isa = PBXGroup;
			children = (
				31E02CB82C1B815E00FD8E0C /* Profile.swift */,
				31E02CB72C1B815E00FD8E0C /* ProfileViewModel.swift */,
				31E02CE72C1C9EF300FD8E0C /* EditProfileForm.swift */,
			);
			path = Profile;
			sourceTree = "<group>";
		};
		31E02CC32C1C3CA800FD8E0C /* Resources */ = {
			isa = PBXGroup;
			children = (
				319CF1892C20D17200E5AD59 /* CoreData */,
				31E02CC42C1C3CC300FD8E0C /* Fonts */,
			);
			path = Resources;
			sourceTree = "<group>";
		};
		31E02CC42C1C3CC300FD8E0C /* Fonts */ = {
			isa = PBXGroup;
			children = (
				31E02CC52C1C3CDE00FD8E0C /* MarkaziText-Medium.ttf */,
				31E02CC72C1C3CFC00FD8E0C /* MarkaziText-Regular.ttf */,
				31E02CCC2C1C3D3A00FD8E0C /* Karla-Bold.ttf */,
				31E02CCB2C1C3D3900FD8E0C /* Karla-ExtraBold.ttf */,
				31E02CCA2C1C3D3900FD8E0C /* Karla-Medium.ttf */,
				31E02CC92C1C3D3900FD8E0C /* Karla-Regular.ttf */,
			);
			path = Fonts;
			sourceTree = "<group>";
		};
		31E02CD12C1C3D6D00FD8E0C /* Fonts */ = {
			isa = PBXGroup;
			children = (
				31E02CD22C1C3D9300FD8E0C /* Fonts.swift */,
			);
			path = Fonts;
			sourceTree = "<group>";
		};
		31E02CD72C1C4B3300FD8E0C /* ViewModifiers */ = {
			isa = PBXGroup;
			children = (
				313818E62C7782A80069928C /* Shimmer */,
				31D364192C2334D400B84BD3 /* Snackbar */,
			);
			path = ViewModifiers;
			sourceTree = "<group>";
		};
		31F6380C2C235DD4004837B5 /* Theme */ = {
			isa = PBXGroup;
			children = (
				31F6380D2C235DDF004837B5 /* ThemeUtil.swift */,
				318C56D52C9AF4F100ED407D /* Primitive.swift */,
				318C56D72C9AF53300ED407D /* Themable.swift */,
			);
			path = Theme;
			sourceTree = "<group>";
		};
/* End PBXGroup section */

/* Begin PBXNativeTarget section */
		315C337B2BBEDDDA00EB84CE /* Restaurant */ = {
			isa = PBXNativeTarget;
			buildConfigurationList = 315C338A2BBEDDDC00EB84CE /* Build configuration list for PBXNativeTarget "Restaurant" */;
			buildPhases = (
				315C33782BBEDDDA00EB84CE /* Sources */,
				315C33792BBEDDDA00EB84CE /* Frameworks */,
				315C337A2BBEDDDA00EB84CE /* Resources */,
			);
			buildRules = (
			);
			dependencies = (
			);
			name = Restaurant;
			productName = Restaurant;
			productReference = 315C337C2BBEDDDA00EB84CE /* Restaurant.app */;
			productType = "com.apple.product-type.application";
		};
/* End PBXNativeTarget section */

/* Begin PBXProject section */
		315C33742BBEDDDA00EB84CE /* Project object */ = {
			isa = PBXProject;
			attributes = {
				BuildIndependentTargetsInParallel = 1;
				LastSwiftUpdateCheck = 1510;
				LastUpgradeCheck = 1510;
				TargetAttributes = {
					315C337B2BBEDDDA00EB84CE = {
						CreatedOnToolsVersion = 15.1;
					};
				};
			};
			buildConfigurationList = 315C33772BBEDDDA00EB84CE /* Build configuration list for PBXProject "Restaurant" */;
			compatibilityVersion = "Xcode 14.0";
			developmentRegion = en;
			hasScannedForEncodings = 0;
			knownRegions = (
				en,
				Base,
			);
			mainGroup = 315C33732BBEDDDA00EB84CE;
			productRefGroup = 315C337D2BBEDDDA00EB84CE /* Products */;
			projectDirPath = "";
			projectRoot = "";
			targets = (
				315C337B2BBEDDDA00EB84CE /* Restaurant */,
			);
		};
/* End PBXProject section */

/* Begin PBXResourcesBuildPhase section */
		315C337A2BBEDDDA00EB84CE /* Resources */ = {
			isa = PBXResourcesBuildPhase;
			buildActionMask = 2147483647;
			files = (
				31E02CC62C1C3CDE00FD8E0C /* MarkaziText-Medium.ttf in Resources */,
				31E02CCE2C1C3D3A00FD8E0C /* Karla-Medium.ttf in Resources */,
				315C33872BBEDDDC00EB84CE /* Preview Assets.xcassets in Resources */,
				31E02CD02C1C3D3A00FD8E0C /* Karla-Bold.ttf in Resources */,
				31E02CCD2C1C3D3A00FD8E0C /* Karla-Regular.ttf in Resources */,
				31E02CC82C1C3CFC00FD8E0C /* MarkaziText-Regular.ttf in Resources */,
				315C33842BBEDDDC00EB84CE /* Assets.xcassets in Resources */,
				31E02CCF2C1C3D3A00FD8E0C /* Karla-ExtraBold.ttf in Resources */,
			);
			runOnlyForDeploymentPostprocessing = 0;
		};
/* End PBXResourcesBuildPhase section */

/* Begin PBXSourcesBuildPhase section */
		315C33782BBEDDDA00EB84CE /* Sources */ = {
			isa = PBXSourcesBuildPhase;
			buildActionMask = 2147483647;
			files = (
				319CF1882C20CF5800E5AD59 /* FetchedObjects.swift in Sources */,
				31E02CA52C1B74F300FD8E0C /* HomeViewModel.swift in Sources */,
				319CF1792C20C39E00E5AD59 /* URLSessionCombineNetworker.swift in Sources */,
				31D363FB2C232CE600B84BD3 /* ColorTheme.swift in Sources */,
				31E02CBA2C1B815E00FD8E0C /* Profile.swift in Sources */,
				3169E4E72C1E572E0064FA7E /* Image+Extension.swift in Sources */,
				31E02CD32C1C3D9300FD8E0C /* Fonts.swift in Sources */,
				313818EC2C7954CF0069928C /* MenuCategory.swift in Sources */,
				319CF1752C20C2C900E5AD59 /* CombineNetworking.swift in Sources */,
				31D364072C232D9A00B84BD3 /* SurfaceColors.swift in Sources */,
				31C799D42C186A7100F7FE55 /* DefaultsContainer.swift in Sources */,
				31D364102C23305400B84BD3 /* AnyNetworkingMiddleware.swift in Sources */,
				318040212C162C0900B507D7 /* Validator+Combine.swift in Sources */,
				3169E4E92C1ED0F20064FA7E /* MenuSearch.swift in Sources */,
				3199F18A2C15EAA000EF666C /* BaseViewModel.swift in Sources */,
				318C56CE2C9AF2B200ED407D /* PrimitiveGradient.swift in Sources */,
				318C56DC2C9AFD3800ED407D /* ShapeStyle+Extension.swift in Sources */,
				31C799D82C18892000F7FE55 /* UserDefaults+Extension.swift in Sources */,
				3167D91E2C245A8200555410 /* FullscreenSnackbarStyle.swift in Sources */,
				31D364232C23393100B84BD3 /* AnySnackbarStyle.swift in Sources */,
				318BB2CB2C988EC60084139C /* OnboardingInfo.swift in Sources */,
				319CF18C2C20D19B00E5AD59 /* ExampleDatabase.xcdatamodeld in Sources */,
				310CD92B2C24F57B000D092C /* MenuDetail.swift in Sources */,
				318BB2C92C988E190084139C /* OnboardingTabView.swift in Sources */,
				31F6380E2C235DDF004837B5 /* ThemeUtil.swift in Sources */,
				319CF1702C20C24E00E5AD59 /* MenuItem.swift in Sources */,
				31E02CAF2C1B773B00FD8E0C /* MenuViewModel.swift in Sources */,
				319CF18E2C20D61200E5AD59 /* Combine+Extension.swift in Sources */,
				31D363F92C232CBE00B84BD3 /* PrimitiveColor.swift in Sources */,
				319CF1862C20CEFA00E5AD59 /* PersistenceController.swift in Sources */,
				318C56DA2C9AF8EA00ED407D /* AnyGradientTheme.swift in Sources */,
				31E02CA32C1B74EC00FD8E0C /* Home.swift in Sources */,
				319CF1812C20CCB400E5AD59 /* MenuService.swift in Sources */,
				31E02CBC2C1B86AF00FD8E0C /* HomeTab.swift in Sources */,
				319CF16E2C20C12700E5AD59 /* MenuList.swift in Sources */,
				316487F12C15050500CAA8A8 /* Shape+Extension.swift in Sources */,
				31D364032C232D3200B84BD3 /* StrokeColorTheme.swift in Sources */,
				3199F1772C15AFA300EF666C /* Validators.swift in Sources */,
				318C56D02C9AF2EE00ED407D /* Gradients.swift in Sources */,
				31D363F72C22EA4500B84BD3 /* NetworkingMiddleware.swift in Sources */,
				319CF17D2C20C63400E5AD59 /* RequestMethod.swift in Sources */,
				31D364092C232DB200B84BD3 /* TextColors.swift in Sources */,
				31D3641F2C23378500B84BD3 /* DefaultSnackbarStyle.swift in Sources */,
				31D3640D2C232DD400B84BD3 /* StrokeColors.swift in Sources */,
				31E02CAD2C1B773200FD8E0C /* Menu.swift in Sources */,
				318C56D82C9AF53300ED407D /* Themable.swift in Sources */,
				318040232C162DF200B507D7 /* Login.swift in Sources */,
				3199F1732C159F2200EF666C /* Validator.swift in Sources */,
				31C799E02C18C0A800F7FE55 /* Repository.swift in Sources */,
				319CF17B2C20C3FC00E5AD59 /* NetworkingError.swift in Sources */,
				3199F1832C15DD7100EF666C /* LoginViewModel.swift in Sources */,
				31D364012C232D2400B84BD3 /* IconColorTheme.swift in Sources */,
				31D364052C232D4000B84BD3 /* AnyColorTheme.swift in Sources */,
				31D363F22C22143400B84BD3 /* Color+Extension.swift in Sources */,
				31E02CB92C1B815E00FD8E0C /* ProfileViewModel.swift in Sources */,
				31D363EF2C2210F900B84BD3 /* Colors.swift in Sources */,
				315C33802BBEDDDA00EB84CE /* RestaurantApp.swift in Sources */,
				31D364132C23307500B84BD3 /* NetworkingLoggingMiddleware.swift in Sources */,
				31E02CE82C1C9EF300FD8E0C /* EditProfileForm.swift in Sources */,
				319CF1772C20C31A00E5AD59 /* Service.swift in Sources */,
				31C799D02C185A2700F7FE55 /* Inject.swift in Sources */,
				31D3641D2C23363700B84BD3 /* SnackbarConfiguration.swift in Sources */,
				31D364152C2333FA00B84BD3 /* SnackbarViewModifier.swift in Sources */,
				31D364212C2338DB00B84BD3 /* SnackbarStyleEnvironmentKey.swift in Sources */,
				318C56D42C9AF3CD00ED407D /* Gradient+Extension.swift in Sources */,
				316487EB2C15003300CAA8A8 /* LLTextFieldStyle.swift in Sources */,
				31D363FF2C232D1400B84BD3 /* TextColorTheme.swift in Sources */,
				31D364182C2334AC00B84BD3 /* SnackbarStyle.swift in Sources */,
				3167D91C2C2441F500555410 /* SnackbarController.swift in Sources */,
				316487ED2C15014B00CAA8A8 /* LLTextFieldState.swift in Sources */,
				3169E4D92C1DB3090064FA7E /* FileUtil.swift in Sources */,
				318BB2C72C988E020084139C /* OnboardingWelcome.swift in Sources */,
				31E02CA82C1B768B00FD8E0C /* BaseTabItem.swift in Sources */,
				31D363FD2C232CFF00B84BD3 /* SurfaceColorTheme.swift in Sources */,
				318C56CC2C9AF27C00ED407D /* GradientTheme.swift in Sources */,
				313818E82C7782CD0069928C /* ShimmerModifier.swift in Sources */,
				31C799CC2C1849A000F7FE55 /* Factory.swift in Sources */,
				31D3640B2C232DC300B84BD3 /* IconColors.swift in Sources */,
				316BCEE02C21C30E00F19E69 /* MenuCard.swift in Sources */,
				318C56D62C9AF4F100ED407D /* Primitive.swift in Sources */,
			);
			runOnlyForDeploymentPostprocessing = 0;
		};
/* End PBXSourcesBuildPhase section */

/* Begin XCBuildConfiguration section */
		315C33882BBEDDDC00EB84CE /* Debug */ = {
			isa = XCBuildConfiguration;
			buildSettings = {
				ALWAYS_SEARCH_USER_PATHS = NO;
				ASSETCATALOG_COMPILER_GENERATE_SWIFT_ASSET_SYMBOL_EXTENSIONS = YES;
				CLANG_ANALYZER_NONNULL = YES;
				CLANG_ANALYZER_NUMBER_OBJECT_CONVERSION = YES_AGGRESSIVE;
				CLANG_CXX_LANGUAGE_STANDARD = "gnu++20";
				CLANG_ENABLE_MODULES = YES;
				CLANG_ENABLE_OBJC_ARC = YES;
				CLANG_ENABLE_OBJC_WEAK = YES;
				CLANG_WARN_BLOCK_CAPTURE_AUTORELEASING = YES;
				CLANG_WARN_BOOL_CONVERSION = YES;
				CLANG_WARN_COMMA = YES;
				CLANG_WARN_CONSTANT_CONVERSION = YES;
				CLANG_WARN_DEPRECATED_OBJC_IMPLEMENTATIONS = YES;
				CLANG_WARN_DIRECT_OBJC_ISA_USAGE = YES_ERROR;
				CLANG_WARN_DOCUMENTATION_COMMENTS = YES;
				CLANG_WARN_EMPTY_BODY = YES;
				CLANG_WARN_ENUM_CONVERSION = YES;
				CLANG_WARN_INFINITE_RECURSION = YES;
				CLANG_WARN_INT_CONVERSION = YES;
				CLANG_WARN_NON_LITERAL_NULL_CONVERSION = YES;
				CLANG_WARN_OBJC_IMPLICIT_RETAIN_SELF = YES;
				CLANG_WARN_OBJC_LITERAL_CONVERSION = YES;
				CLANG_WARN_OBJC_ROOT_CLASS = YES_ERROR;
				CLANG_WARN_QUOTED_INCLUDE_IN_FRAMEWORK_HEADER = YES;
				CLANG_WARN_RANGE_LOOP_ANALYSIS = YES;
				CLANG_WARN_STRICT_PROTOTYPES = YES;
				CLANG_WARN_SUSPICIOUS_MOVE = YES;
				CLANG_WARN_UNGUARDED_AVAILABILITY = YES_AGGRESSIVE;
				CLANG_WARN_UNREACHABLE_CODE = YES;
				CLANG_WARN__DUPLICATE_METHOD_MATCH = YES;
				COPY_PHASE_STRIP = NO;
				DEBUG_INFORMATION_FORMAT = dwarf;
				ENABLE_STRICT_OBJC_MSGSEND = YES;
				ENABLE_TESTABILITY = YES;
				ENABLE_USER_SCRIPT_SANDBOXING = YES;
				GCC_C_LANGUAGE_STANDARD = gnu17;
				GCC_DYNAMIC_NO_PIC = NO;
				GCC_NO_COMMON_BLOCKS = YES;
				GCC_OPTIMIZATION_LEVEL = 0;
				GCC_PREPROCESSOR_DEFINITIONS = (
					"DEBUG=1",
					"$(inherited)",
				);
				GCC_WARN_64_TO_32_BIT_CONVERSION = YES;
				GCC_WARN_ABOUT_RETURN_TYPE = YES_ERROR;
				GCC_WARN_UNDECLARED_SELECTOR = YES;
				GCC_WARN_UNINITIALIZED_AUTOS = YES_AGGRESSIVE;
				GCC_WARN_UNUSED_FUNCTION = YES;
				GCC_WARN_UNUSED_VARIABLE = YES;
				IPHONEOS_DEPLOYMENT_TARGET = 17.2;
				LOCALIZATION_PREFERS_STRING_CATALOGS = YES;
				MTL_ENABLE_DEBUG_INFO = INCLUDE_SOURCE;
				MTL_FAST_MATH = YES;
				ONLY_ACTIVE_ARCH = YES;
				SDKROOT = iphoneos;
				SWIFT_ACTIVE_COMPILATION_CONDITIONS = "DEBUG $(inherited)";
				SWIFT_OPTIMIZATION_LEVEL = "-Onone";
			};
			name = Debug;
		};
		315C33892BBEDDDC00EB84CE /* Release */ = {
			isa = XCBuildConfiguration;
			buildSettings = {
				ALWAYS_SEARCH_USER_PATHS = NO;
				ASSETCATALOG_COMPILER_GENERATE_SWIFT_ASSET_SYMBOL_EXTENSIONS = YES;
				CLANG_ANALYZER_NONNULL = YES;
				CLANG_ANALYZER_NUMBER_OBJECT_CONVERSION = YES_AGGRESSIVE;
				CLANG_CXX_LANGUAGE_STANDARD = "gnu++20";
				CLANG_ENABLE_MODULES = YES;
				CLANG_ENABLE_OBJC_ARC = YES;
				CLANG_ENABLE_OBJC_WEAK = YES;
				CLANG_WARN_BLOCK_CAPTURE_AUTORELEASING = YES;
				CLANG_WARN_BOOL_CONVERSION = YES;
				CLANG_WARN_COMMA = YES;
				CLANG_WARN_CONSTANT_CONVERSION = YES;
				CLANG_WARN_DEPRECATED_OBJC_IMPLEMENTATIONS = YES;
				CLANG_WARN_DIRECT_OBJC_ISA_USAGE = YES_ERROR;
				CLANG_WARN_DOCUMENTATION_COMMENTS = YES;
				CLANG_WARN_EMPTY_BODY = YES;
				CLANG_WARN_ENUM_CONVERSION = YES;
				CLANG_WARN_INFINITE_RECURSION = YES;
				CLANG_WARN_INT_CONVERSION = YES;
				CLANG_WARN_NON_LITERAL_NULL_CONVERSION = YES;
				CLANG_WARN_OBJC_IMPLICIT_RETAIN_SELF = YES;
				CLANG_WARN_OBJC_LITERAL_CONVERSION = YES;
				CLANG_WARN_OBJC_ROOT_CLASS = YES_ERROR;
				CLANG_WARN_QUOTED_INCLUDE_IN_FRAMEWORK_HEADER = YES;
				CLANG_WARN_RANGE_LOOP_ANALYSIS = YES;
				CLANG_WARN_STRICT_PROTOTYPES = YES;
				CLANG_WARN_SUSPICIOUS_MOVE = YES;
				CLANG_WARN_UNGUARDED_AVAILABILITY = YES_AGGRESSIVE;
				CLANG_WARN_UNREACHABLE_CODE = YES;
				CLANG_WARN__DUPLICATE_METHOD_MATCH = YES;
				COPY_PHASE_STRIP = NO;
				DEBUG_INFORMATION_FORMAT = "dwarf-with-dsym";
				ENABLE_NS_ASSERTIONS = NO;
				ENABLE_STRICT_OBJC_MSGSEND = YES;
				ENABLE_USER_SCRIPT_SANDBOXING = YES;
				GCC_C_LANGUAGE_STANDARD = gnu17;
				GCC_NO_COMMON_BLOCKS = YES;
				GCC_WARN_64_TO_32_BIT_CONVERSION = YES;
				GCC_WARN_ABOUT_RETURN_TYPE = YES_ERROR;
				GCC_WARN_UNDECLARED_SELECTOR = YES;
				GCC_WARN_UNINITIALIZED_AUTOS = YES_AGGRESSIVE;
				GCC_WARN_UNUSED_FUNCTION = YES;
				GCC_WARN_UNUSED_VARIABLE = YES;
				IPHONEOS_DEPLOYMENT_TARGET = 17.2;
				LOCALIZATION_PREFERS_STRING_CATALOGS = YES;
				MTL_ENABLE_DEBUG_INFO = NO;
				MTL_FAST_MATH = YES;
				SDKROOT = iphoneos;
				SWIFT_COMPILATION_MODE = wholemodule;
				VALIDATE_PRODUCT = YES;
			};
			name = Release;
		};
		315C338B2BBEDDDC00EB84CE /* Debug */ = {
			isa = XCBuildConfiguration;
			buildSettings = {
				ASSETCATALOG_COMPILER_APPICON_NAME = AppIcon;
				ASSETCATALOG_COMPILER_GLOBAL_ACCENT_COLOR_NAME = AccentColor;
				CODE_SIGN_STYLE = Automatic;
				CURRENT_PROJECT_VERSION = 1;
				DEVELOPMENT_ASSET_PATHS = "\"Restaurant/Preview Content\"";
				DEVELOPMENT_TEAM = K79BRFXPP9;
				ENABLE_PREVIEWS = YES;
				GENERATE_INFOPLIST_FILE = YES;
				INFOPLIST_FILE = Restaurant/Info.plist;
				INFOPLIST_KEY_CFBundleDisplayName = "Little Lemon";
				INFOPLIST_KEY_NSPhotoLibraryUsageDescription = "We need access to your photos to let you update your profile.";
				INFOPLIST_KEY_UIApplicationSceneManifest_Generation = YES;
				INFOPLIST_KEY_UIApplicationSupportsIndirectInputEvents = YES;
				INFOPLIST_KEY_UILaunchScreen_Generation = YES;
				INFOPLIST_KEY_UISupportedInterfaceOrientations = UIInterfaceOrientationPortrait;
				INFOPLIST_KEY_UISupportedInterfaceOrientations_iPad = "UIInterfaceOrientationLandscapeLeft UIInterfaceOrientationLandscapeRight UIInterfaceOrientationPortrait UIInterfaceOrientationPortraitUpsideDown";
				IPHONEOS_DEPLOYMENT_TARGET = 16.0;
				LD_RUNPATH_SEARCH_PATHS = (
					"$(inherited)",
					"@executable_path/Frameworks",
				);
				MARKETING_VERSION = 1.0;
				PRODUCT_BUNDLE_IDENTIFIER = com.littlelemon.Restaurant;
				PRODUCT_NAME = "$(TARGET_NAME)";
				SWIFT_EMIT_LOC_STRINGS = YES;
				SWIFT_VERSION = 5.0;
				TARGETED_DEVICE_FAMILY = "1,2";
			};
			name = Debug;
		};
		315C338C2BBEDDDC00EB84CE /* Release */ = {
			isa = XCBuildConfiguration;
			buildSettings = {
				ASSETCATALOG_COMPILER_APPICON_NAME = AppIcon;
				ASSETCATALOG_COMPILER_GLOBAL_ACCENT_COLOR_NAME = AccentColor;
				CODE_SIGN_STYLE = Automatic;
				CURRENT_PROJECT_VERSION = 1;
				DEVELOPMENT_ASSET_PATHS = "\"Restaurant/Preview Content\"";
				DEVELOPMENT_TEAM = K79BRFXPP9;
				ENABLE_PREVIEWS = YES;
				GENERATE_INFOPLIST_FILE = YES;
				INFOPLIST_FILE = Restaurant/Info.plist;
				INFOPLIST_KEY_CFBundleDisplayName = "Little Lemon";
				INFOPLIST_KEY_NSPhotoLibraryUsageDescription = "We need access to your photos to let you update your profile.";
				INFOPLIST_KEY_UIApplicationSceneManifest_Generation = YES;
				INFOPLIST_KEY_UIApplicationSupportsIndirectInputEvents = YES;
				INFOPLIST_KEY_UILaunchScreen_Generation = YES;
				INFOPLIST_KEY_UISupportedInterfaceOrientations = UIInterfaceOrientationPortrait;
				INFOPLIST_KEY_UISupportedInterfaceOrientations_iPad = "UIInterfaceOrientationLandscapeLeft UIInterfaceOrientationLandscapeRight UIInterfaceOrientationPortrait UIInterfaceOrientationPortraitUpsideDown";
				IPHONEOS_DEPLOYMENT_TARGET = 16.0;
				LD_RUNPATH_SEARCH_PATHS = (
					"$(inherited)",
					"@executable_path/Frameworks",
				);
				MARKETING_VERSION = 1.0;
				PRODUCT_BUNDLE_IDENTIFIER = com.littlelemon.Restaurant;
				PRODUCT_NAME = "$(TARGET_NAME)";
				SWIFT_EMIT_LOC_STRINGS = YES;
				SWIFT_VERSION = 5.0;
				TARGETED_DEVICE_FAMILY = "1,2";
			};
			name = Release;
		};
/* End XCBuildConfiguration section */

/* Begin XCConfigurationList section */
		315C33772BBEDDDA00EB84CE /* Build configuration list for PBXProject "Restaurant" */ = {
			isa = XCConfigurationList;
			buildConfigurations = (
				315C33882BBEDDDC00EB84CE /* Debug */,
				315C33892BBEDDDC00EB84CE /* Release */,
			);
			defaultConfigurationIsVisible = 0;
			defaultConfigurationName = Release;
		};
		315C338A2BBEDDDC00EB84CE /* Build configuration list for PBXNativeTarget "Restaurant" */ = {
			isa = XCConfigurationList;
			buildConfigurations = (
				315C338B2BBEDDDC00EB84CE /* Debug */,
				315C338C2BBEDDDC00EB84CE /* Release */,
			);
			defaultConfigurationIsVisible = 0;
			defaultConfigurationName = Release;
		};
/* End XCConfigurationList section */

/* Begin XCVersionGroup section */
		319CF18A2C20D19B00E5AD59 /* ExampleDatabase.xcdatamodeld */ = {
			isa = XCVersionGroup;
			children = (
				319CF18B2C20D19B00E5AD59 /* ExampleDatabase.xcdatamodel */,
			);
			currentVersion = 319CF18B2C20D19B00E5AD59 /* ExampleDatabase.xcdatamodel */;
			path = ExampleDatabase.xcdatamodeld;
			sourceTree = "<group>";
			versionGroupType = wrapper.xcdatamodel;
		};
/* End XCVersionGroup section */
	};
	rootObject = 315C33742BBEDDDA00EB84CE /* Project object */;
}
